
Microsoft Visual Studio Solution File, Format Version 12.00
# Visual Studio Version 17
VisualStudioVersion = 17.9.34728.123
MinimumVisualStudioVersion = 10.0.40219.1
Project("{FAE04EC0-301F-11D3-BF4B-00C04F79EFBC}") = "back-end-2", "back-end-2\back-end-2.csproj", "{6BFF9338-7426-4BBB-82FF-2E994D7A3CD0}"
EndProject
Global
	GlobalSection(SolutionConfigurationPlatforms) = preSolution
		Debug|Any CPU = Debug|Any CPU
		Release|Any CPU = Release|Any CPU
	EndGlobalSection
	GlobalSection(ProjectConfigurationPlatforms) = postSolution
		{6BFF9338-7426-4BBB-82FF-2E994D7A3CD0}.Debug|Any CPU.ActiveCfg = Debug|Any CPU
		{6BFF9338-7426-4BBB-82FF-2E994D7A3CD0}.Debug|Any CPU.Build.0 = Debug|Any CPU
		{6BFF9338-7426-4BBB-82FF-2E994D7A3CD0}.Release|Any CPU.ActiveCfg = Release|Any CPU
		{6BFF9338-7426-4BBB-82FF-2E994D7A3CD0}.Release|Any CPU.Build.0 = Release|Any CPU
	EndGlobalSection
	GlobalSection(SolutionProperties) = preSolution
		HideSolutionNode = FALSE
	EndGlobalSection
	GlobalSection(ExtensibilityGlobals) = postSolution
		SolutionGuid = {0D9CA171-EE90-43E1-A529-1F85CD03D39B}
	EndGlobalSection
EndGlobal
